
Microsoft Visual Studio Solution File, Format Version 12.00
# Visual Studio 14
VisualStudioVersion = 14.0.24720.0
MinimumVisualStudioVersion = 10.0.40219.1
Project("{FAE04EC0-301F-11D3-BF4B-00C04F79EFBC}") = "appliedLearningAssesment", "appliedLearningAssesment\appliedLearningAssesment.csproj", "{D688EA60-D352-4B37-A25A-F90DED92C002}"
EndProject
Global
	GlobalSection(SolutionConfigurationPlatforms) = preSolution
		Debug|Any CPU = Debug|Any CPU
		Release|Any CPU = Release|Any CPU
	EndGlobalSection
	GlobalSection(ProjectConfigurationPlatforms) = postSolution
		{D688EA60-D352-4B37-A25A-F90DED92C002}.Debug|Any CPU.ActiveCfg = Debug|Any CPU
		{D688EA60-D352-4B37-A25A-F90DED92C002}.Debug|Any CPU.Build.0 = Debug|Any CPU
		{D688EA60-D352-4B37-A25A-F90DED92C002}.Release|Any CPU.ActiveCfg = Release|Any CPU
		{D688EA60-D352-4B37-A25A-F90DED92C002}.Release|Any CPU.Build.0 = Release|Any CPU
	EndGlobalSection
	GlobalSection(SolutionProperties) = preSolution
		HideSolutionNode = FALSE
	EndGlobalSection
EndGlobal
